
Microsoft Visual Studio Solution File, Format Version 12.00
# Visual Studio Version 16
VisualStudioVersion = 16.0.31205.134
MinimumVisualStudioVersion = 10.0.40219.1
Project("{FAE04EC0-301F-11D3-BF4B-00C04F79EFBC}") = "Calendar.Android", "Calendar\Calendar.Android\Calendar.Android.csproj", "{269CE809-3A1C-4173-97B7-2DCFD889CDC7}"
EndProject
Project("{9A19103F-16F7-4668-BE54-9A1E7A4F7556}") = "Calendar", "Calendar\Calendar\Calendar.csproj", "{92255305-363F-4F5F-A20C-317F0172BA1C}"
EndProject
Global
	GlobalSection(SolutionConfigurationPlatforms) = preSolution
		Debug|Any CPU = Debug|Any CPU
		Release|Any CPU = Release|Any CPU
	EndGlobalSection
	GlobalSection(ProjectConfigurationPlatforms) = postSolution
		{269CE809-3A1C-4173-97B7-2DCFD889CDC7}.Debug|Any CPU.ActiveCfg = Debug|Any CPU
		{269CE809-3A1C-4173-97B7-2DCFD889CDC7}.Debug|Any CPU.Build.0 = Debug|Any CPU
		{269CE809-3A1C-4173-97B7-2DCFD889CDC7}.Debug|Any CPU.Deploy.0 = Debug|Any CPU
		{269CE809-3A1C-4173-97B7-2DCFD889CDC7}.Release|Any CPU.ActiveCfg = Release|Any CPU
		{269CE809-3A1C-4173-97B7-2DCFD889CDC7}.Release|Any CPU.Build.0 = Release|Any CPU
		{269CE809-3A1C-4173-97B7-2DCFD889CDC7}.Release|Any CPU.Deploy.0 = Release|Any CPU
		{92255305-363F-4F5F-A20C-317F0172BA1C}.Debug|Any CPU.ActiveCfg = Debug|Any CPU
		{92255305-363F-4F5F-A20C-317F0172BA1C}.Debug|Any CPU.Build.0 = Debug|Any CPU
		{92255305-363F-4F5F-A20C-317F0172BA1C}.Debug|Any CPU.Deploy.0 = Debug|Any CPU
		{92255305-363F-4F5F-A20C-317F0172BA1C}.Release|Any CPU.ActiveCfg = Release|Any CPU
		{92255305-363F-4F5F-A20C-317F0172BA1C}.Release|Any CPU.Build.0 = Release|Any CPU
		{92255305-363F-4F5F-A20C-317F0172BA1C}.Release|Any CPU.Deploy.0 = Release|Any CPU
	EndGlobalSection
	GlobalSection(SolutionProperties) = preSolution
		HideSolutionNode = FALSE
	EndGlobalSection
	GlobalSection(ExtensibilityGlobals) = postSolution
		SolutionGuid = {3071B8B4-CBF8-4F7D-98C0-3C84FEB1B913}
	EndGlobalSection
EndGlobal
